// !$*UTF8*$!
{
	archiveVersion = 1;
	classes = {
	};
	objectVersion = 51;
	objects = {

/* Begin PBXBuildFile section */
		BA1D6AA226D8569600E8BF0A /* AddtoCartViewModel.swift in Sources */ = {isa = PBXBuildFile; fileRef = BA1D6AA126D8569600E8BF0A /* AddtoCartViewModel.swift */; };
		BA1D6AA526D860AB00E8BF0A /* UploadImageToSell.swift in Sources */ = {isa = PBXBuildFile; fileRef = BA1D6AA426D860AB00E8BF0A /* UploadImageToSell.swift */; };
		BA658DC726DC11A200E79F88 /* ProductInformationView.swift in Sources */ = {isa = PBXBuildFile; fileRef = BA658DC626DC11A200E79F88 /* ProductInformationView.swift */; };
		BA658DC926DC338000E79F88 /* ProductQuantityView.swift in Sources */ = {isa = PBXBuildFile; fileRef = BA658DC826DC338000E79F88 /* ProductQuantityView.swift */; };
		BA658DCB26DC36EC00E79F88 /* gardenImages.json in Resources */ = {isa = PBXBuildFile; fileRef = BA658DCA26DC36EC00E79F88 /* gardenImages.json */; };
		BA658DCE26DC37F900E79F88 /* NurseryCategories.json in Resources */ = {isa = PBXBuildFile; fileRef = BA658DCD26DC37F900E79F88 /* NurseryCategories.json */; };
		BA658DD026DC386500E79F88 /* PlantModel.swift in Sources */ = {isa = PBXBuildFile; fileRef = BA658DCF26DC386500E79F88 /* PlantModel.swift */; };
		BA658DD226DC388200E79F88 /* CategoryModel.swift in Sources */ = {isa = PBXBuildFile; fileRef = BA658DD126DC388200E79F88 /* CategoryModel.swift */; };
		BA670B5A26BF42880043E2A2 /* ContentView.swift in Sources */ = {isa = PBXBuildFile; fileRef = BA670B5926BF42880043E2A2 /* ContentView.swift */; };
		BA670B5C26BF79890043E2A2 /* GoogleService-Info.plist in Resources */ = {isa = PBXBuildFile; fileRef = BA670B5B26BF79890043E2A2 /* GoogleService-Info.plist */; };
		BA670B5E26BF82030043E2A2 /* ShopView.swift in Sources */ = {isa = PBXBuildFile; fileRef = BA670B5D26BF82030043E2A2 /* ShopView.swift */; };
		BA6BBAD326D379DF00FE5904 /* CartView.swift in Sources */ = {isa = PBXBuildFile; fileRef = BA6BBAD226D379DF00FE5904 /* CartView.swift */; };
		BA78352B26DAED8D00F74A4F /* ProductLoadView.swift in Sources */ = {isa = PBXBuildFile; fileRef = BA78352A26DAED8D00F74A4F /* ProductLoadView.swift */; };
		BA78352D26DAF3D200F74A4F /* FetchProductsViewModel.swift in Sources */ = {isa = PBXBuildFile; fileRef = BA78352C26DAF3D200F74A4F /* FetchProductsViewModel.swift */; };
		BA7AD28126D9CBB2004DC366 /* UploadItemsToSell.swift in Sources */ = {isa = PBXBuildFile; fileRef = BA7AD28026D9CBB2004DC366 /* UploadItemsToSell.swift */; };
		BA7AD28326D9CD15004DC366 /* UploadNewProductViewModel.swift in Sources */ = {isa = PBXBuildFile; fileRef = BA7AD28226D9CD15004DC366 /* UploadNewProductViewModel.swift */; };
		BA7AD28526D9CE85004DC366 /* UploadProductModel.swift in Sources */ = {isa = PBXBuildFile; fileRef = BA7AD28426D9CE85004DC366 /* UploadProductModel.swift */; };
		BA7E02FA26D6E09500223B51 /* RegistrationViewModel.swift in Sources */ = {isa = PBXBuildFile; fileRef = BA7E02F926D6E09500223B51 /* RegistrationViewModel.swift */; };
		BA7E02FD26D7131100223B51 /* CartViewModel.swift in Sources */ = {isa = PBXBuildFile; fileRef = BA7E02FC26D7131100223B51 /* CartViewModel.swift */; };
		BA7E02FF26D7188800223B51 /* CartModel.swift in Sources */ = {isa = PBXBuildFile; fileRef = BA7E02FE26D7188800223B51 /* CartModel.swift */; };
		BA82DAFD26BE230F00C4049E /* E_commerce_nurseryApp.swift in Sources */ = {isa = PBXBuildFile; fileRef = BA82DAFC26BE230F00C4049E /* E_commerce_nurseryApp.swift */; };
		BA82DB0126BE231300C4049E /* Assets.xcassets in Resources */ = {isa = PBXBuildFile; fileRef = BA82DB0026BE231300C4049E /* Assets.xcassets */; };
		BA82DB0426BE231300C4049E /* Preview Assets.xcassets in Resources */ = {isa = PBXBuildFile; fileRef = BA82DB0326BE231300C4049E /* Preview Assets.xcassets */; };
		BA82DB1326BE641600C4049E /* LoginView.swift in Sources */ = {isa = PBXBuildFile; fileRef = BA82DB1226BE641600C4049E /* LoginView.swift */; };
		BA82DB1526BE642400C4049E /* RegisterView.swift in Sources */ = {isa = PBXBuildFile; fileRef = BA82DB1426BE642400C4049E /* RegisterView.swift */; };
		BA868D1326CDB1D5001D4979 /* CategoryView.swift in Sources */ = {isa = PBXBuildFile; fileRef = BA868D1226CDB1D5001D4979 /* CategoryView.swift */; };
		BA868D1526CDFDF0001D4979 /* GridView.swift in Sources */ = {isa = PBXBuildFile; fileRef = BA868D1426CDFDF0001D4979 /* GridView.swift */; };
		BA868D1726CE050D001D4979 /* SectionView.swift in Sources */ = {isa = PBXBuildFile; fileRef = BA868D1626CE050D001D4979 /* SectionView.swift */; };
		BA907B4826CC61660046B655 /* NavBarView.swift in Sources */ = {isa = PBXBuildFile; fileRef = BA907B4726CC61660046B655 /* NavBarView.swift */; };
		BA907B5226CCA0080046B655 /* BundleDecodable.swift in Sources */ = {isa = PBXBuildFile; fileRef = BA907B5126CCA0080046B655 /* BundleDecodable.swift */; };
		BA907B5426CCA2130046B655 /* TabImageView.swift in Sources */ = {isa = PBXBuildFile; fileRef = BA907B5326CCA2130046B655 /* TabImageView.swift */; };
		BA921E5926CEE56F00244F0B /* TabBarView.swift in Sources */ = {isa = PBXBuildFile; fileRef = BA921E5826CEE56F00244F0B /* TabBarView.swift */; };
		BA921E6026CF179F00244F0B /* SellingProductModel.swift in Sources */ = {isa = PBXBuildFile; fileRef = BA921E5F26CF179F00244F0B /* SellingProductModel.swift */; };
		BA921E6526CF898700244F0B /* NavBarProductView.swift in Sources */ = {isa = PBXBuildFile; fileRef = BA921E6426CF898700244F0B /* NavBarProductView.swift */; };
		BA98B14826D04B1A00225891 /* ProductImageView.swift in Sources */ = {isa = PBXBuildFile; fileRef = BA98B14726D04B1A00225891 /* ProductImageView.swift */; };
		BA98B14E26D06EC700225891 /* ProductDescriptionView.swift in Sources */ = {isa = PBXBuildFile; fileRef = BA98B14D26D06EC700225891 /* ProductDescriptionView.swift */; };
		BA98B15026D072E800225891 /* CartAdditionButton.swift in Sources */ = {isa = PBXBuildFile; fileRef = BA98B14F26D072E800225891 /* CartAdditionButton.swift */; };
		BACE6F56270D0BAB009787AD /* SearchBarView.swift in Sources */ = {isa = PBXBuildFile; fileRef = BACE6F55270D0BAB009787AD /* SearchBarView.swift */; };
		BACE6F58270D21CC009787AD /* SearchViewModel.swift in Sources */ = {isa = PBXBuildFile; fileRef = BACE6F57270D21CC009787AD /* SearchViewModel.swift */; };
		BACE6F5A270D2B6B009787AD /* SearchModel.swift in Sources */ = {isa = PBXBuildFile; fileRef = BACE6F59270D2B6B009787AD /* SearchModel.swift */; };
		BACE6F5C270D4578009787AD /* SearchDetailView.swift in Sources */ = {isa = PBXBuildFile; fileRef = BACE6F5B270D4578009787AD /* SearchDetailView.swift */; };
		E2991D63E431E0CA1AECB1DA /* Pods_E_commerce_nursery.framework in Frameworks */ = {isa = PBXBuildFile; fileRef = 9538DCCD71067A96C531015C /* Pods_E_commerce_nursery.framework */; };
/* End PBXBuildFile section */

/* Begin PBXFileReference section */
		9538DCCD71067A96C531015C /* Pods_E_commerce_nursery.framework */ = {isa = PBXFileReference; explicitFileType = wrapper.framework; includeInIndex = 0; path = Pods_E_commerce_nursery.framework; sourceTree = BUILT_PRODUCTS_DIR; };
		AF2805F48CF0E242FF86522C /* Pods-E-commerce-nursery.release.xcconfig */ = {isa = PBXFileReference; includeInIndex = 1; lastKnownFileType = text.xcconfig; name = "Pods-E-commerce-nursery.release.xcconfig"; path = "Target Support Files/Pods-E-commerce-nursery/Pods-E-commerce-nursery.release.xcconfig"; sourceTree = "<group>"; };
		BA1D6AA126D8569600E8BF0A /* AddtoCartViewModel.swift */ = {isa = PBXFileReference; lastKnownFileType = sourcecode.swift; path = AddtoCartViewModel.swift; sourceTree = "<group>"; };
		BA1D6AA426D860AB00E8BF0A /* UploadImageToSell.swift */ = {isa = PBXFileReference; lastKnownFileType = sourcecode.swift; path = UploadImageToSell.swift; sourceTree = "<group>"; };
		BA658DC626DC11A200E79F88 /* ProductInformationView.swift */ = {isa = PBXFileReference; lastKnownFileType = sourcecode.swift; path = ProductInformationView.swift; sourceTree = "<group>"; };
		BA658DC826DC338000E79F88 /* ProductQuantityView.swift */ = {isa = PBXFileReference; lastKnownFileType = sourcecode.swift; path = ProductQuantityView.swift; sourceTree = "<group>"; };
		BA658DCA26DC36EC00E79F88 /* gardenImages.json */ = {isa = PBXFileReference; fileEncoding = 4; lastKnownFileType = text.json; path = gardenImages.json; sourceTree = "<group>"; };
		BA658DCD26DC37F900E79F88 /* NurseryCategories.json */ = {isa = PBXFileReference; lastKnownFileType = text.json; path = NurseryCategories.json; sourceTree = "<group>"; };
		BA658DCF26DC386500E79F88 /* PlantModel.swift */ = {isa = PBXFileReference; lastKnownFileType = sourcecode.swift; path = PlantModel.swift; sourceTree = "<group>"; };
		BA658DD126DC388200E79F88 /* CategoryModel.swift */ = {isa = PBXFileReference; lastKnownFileType = sourcecode.swift; path = CategoryModel.swift; sourceTree = "<group>"; };
		BA670B5926BF42880043E2A2 /* ContentView.swift */ = {isa = PBXFileReference; lastKnownFileType = sourcecode.swift; path = ContentView.swift; sourceTree = "<group>"; };
		BA670B5B26BF79890043E2A2 /* GoogleService-Info.plist */ = {isa = PBXFileReference; fileEncoding = 4; lastKnownFileType = text.plist.xml; path = "GoogleService-Info.plist"; sourceTree = "<group>"; };
		BA670B5D26BF82030043E2A2 /* ShopView.swift */ = {isa = PBXFileReference; lastKnownFileType = sourcecode.swift; path = ShopView.swift; sourceTree = "<group>"; };
		BA6BBAD226D379DF00FE5904 /* CartView.swift */ = {isa = PBXFileReference; lastKnownFileType = sourcecode.swift; path = CartView.swift; sourceTree = "<group>"; };
		BA78352A26DAED8D00F74A4F /* ProductLoadView.swift */ = {isa = PBXFileReference; lastKnownFileType = sourcecode.swift; path = ProductLoadView.swift; sourceTree = "<group>"; };
		BA78352C26DAF3D200F74A4F /* FetchProductsViewModel.swift */ = {isa = PBXFileReference; lastKnownFileType = sourcecode.swift; path = FetchProductsViewModel.swift; sourceTree = "<group>"; };
		BA7AD28026D9CBB2004DC366 /* UploadItemsToSell.swift */ = {isa = PBXFileReference; lastKnownFileType = sourcecode.swift; path = UploadItemsToSell.swift; sourceTree = "<group>"; };
		BA7AD28226D9CD15004DC366 /* UploadNewProductViewModel.swift */ = {isa = PBXFileReference; lastKnownFileType = sourcecode.swift; path = UploadNewProductViewModel.swift; sourceTree = "<group>"; };
		BA7AD28426D9CE85004DC366 /* UploadProductModel.swift */ = {isa = PBXFileReference; lastKnownFileType = sourcecode.swift; path = UploadProductModel.swift; sourceTree = "<group>"; };
		BA7E02F926D6E09500223B51 /* RegistrationViewModel.swift */ = {isa = PBXFileReference; lastKnownFileType = sourcecode.swift; path = RegistrationViewModel.swift; sourceTree = "<group>"; };
		BA7E02FC26D7131100223B51 /* CartViewModel.swift */ = {isa = PBXFileReference; lastKnownFileType = sourcecode.swift; path = CartViewModel.swift; sourceTree = "<group>"; };
		BA7E02FE26D7188800223B51 /* CartModel.swift */ = {isa = PBXFileReference; lastKnownFileType = sourcecode.swift; path = CartModel.swift; sourceTree = "<group>"; };
		BA82DAF926BE230F00C4049E /* E-commerce-nursery.app */ = {isa = PBXFileReference; explicitFileType = wrapper.application; includeInIndex = 0; path = "E-commerce-nursery.app"; sourceTree = BUILT_PRODUCTS_DIR; };
		BA82DAFC26BE230F00C4049E /* E_commerce_nurseryApp.swift */ = {isa = PBXFileReference; lastKnownFileType = sourcecode.swift; path = E_commerce_nurseryApp.swift; sourceTree = "<group>"; };
		BA82DB0026BE231300C4049E /* Assets.xcassets */ = {isa = PBXFileReference; lastKnownFileType = folder.assetcatalog; path = Assets.xcassets; sourceTree = "<group>"; };
		BA82DB0326BE231300C4049E /* Preview Assets.xcassets */ = {isa = PBXFileReference; lastKnownFileType = folder.assetcatalog; path = "Preview Assets.xcassets"; sourceTree = "<group>"; };
		BA82DB0526BE231300C4049E /* Info.plist */ = {isa = PBXFileReference; lastKnownFileType = text.plist.xml; path = Info.plist; sourceTree = "<group>"; };
		BA82DB1226BE641600C4049E /* LoginView.swift */ = {isa = PBXFileReference; lastKnownFileType = sourcecode.swift; path = LoginView.swift; sourceTree = "<group>"; };
		BA82DB1426BE642400C4049E /* RegisterView.swift */ = {isa = PBXFileReference; lastKnownFileType = sourcecode.swift; path = RegisterView.swift; sourceTree = "<group>"; };
		BA868D1226CDB1D5001D4979 /* CategoryView.swift */ = {isa = PBXFileReference; lastKnownFileType = sourcecode.swift; path = CategoryView.swift; sourceTree = "<group>"; };
		BA868D1426CDFDF0001D4979 /* GridView.swift */ = {isa = PBXFileReference; lastKnownFileType = sourcecode.swift; path = GridView.swift; sourceTree = "<group>"; };
		BA868D1626CE050D001D4979 /* SectionView.swift */ = {isa = PBXFileReference; lastKnownFileType = sourcecode.swift; path = SectionView.swift; sourceTree = "<group>"; };
		BA907B4726CC61660046B655 /* NavBarView.swift */ = {isa = PBXFileReference; lastKnownFileType = sourcecode.swift; path = NavBarView.swift; sourceTree = "<group>"; };
		BA907B5126CCA0080046B655 /* BundleDecodable.swift */ = {isa = PBXFileReference; lastKnownFileType = sourcecode.swift; path = BundleDecodable.swift; sourceTree = "<group>"; };
		BA907B5326CCA2130046B655 /* TabImageView.swift */ = {isa = PBXFileReference; lastKnownFileType = sourcecode.swift; path = TabImageView.swift; sourceTree = "<group>"; };
		BA921E5826CEE56F00244F0B /* TabBarView.swift */ = {isa = PBXFileReference; lastKnownFileType = sourcecode.swift; path = TabBarView.swift; sourceTree = "<group>"; };
		BA921E5F26CF179F00244F0B /* SellingProductModel.swift */ = {isa = PBXFileReference; lastKnownFileType = sourcecode.swift; path = SellingProductModel.swift; sourceTree = "<group>"; };
		BA921E6426CF898700244F0B /* NavBarProductView.swift */ = {isa = PBXFileReference; lastKnownFileType = sourcecode.swift; path = NavBarProductView.swift; sourceTree = "<group>"; };
		BA98B14726D04B1A00225891 /* ProductImageView.swift */ = {isa = PBXFileReference; lastKnownFileType = sourcecode.swift; path = ProductImageView.swift; sourceTree = "<group>"; };
		BA98B14D26D06EC700225891 /* ProductDescriptionView.swift */ = {isa = PBXFileReference; lastKnownFileType = sourcecode.swift; path = ProductDescriptionView.swift; sourceTree = "<group>"; };
		BA98B14F26D072E800225891 /* CartAdditionButton.swift */ = {isa = PBXFileReference; lastKnownFileType = sourcecode.swift; path = CartAdditionButton.swift; sourceTree = "<group>"; };
		BACE6F55270D0BAB009787AD /* SearchBarView.swift */ = {isa = PBXFileReference; lastKnownFileType = sourcecode.swift; path = SearchBarView.swift; sourceTree = "<group>"; };
		BACE6F57270D21CC009787AD /* SearchViewModel.swift */ = {isa = PBXFileReference; lastKnownFileType = sourcecode.swift; path = SearchViewModel.swift; sourceTree = "<group>"; };
		BACE6F59270D2B6B009787AD /* SearchModel.swift */ = {isa = PBXFileReference; lastKnownFileType = sourcecode.swift; path = SearchModel.swift; sourceTree = "<group>"; };
		BACE6F5B270D4578009787AD /* SearchDetailView.swift */ = {isa = PBXFileReference; lastKnownFileType = sourcecode.swift; path = SearchDetailView.swift; sourceTree = "<group>"; };
		D18B63A5F8362C024124FE24 /* Pods-E-commerce-nursery.debug.xcconfig */ = {isa = PBXFileReference; includeInIndex = 1; lastKnownFileType = text.xcconfig; name = "Pods-E-commerce-nursery.debug.xcconfig"; path = "Target Support Files/Pods-E-commerce-nursery/Pods-E-commerce-nursery.debug.xcconfig"; sourceTree = "<group>"; };
/* End PBXFileReference section */

/* Begin PBXFrameworksBuildPhase section */
		BA82DAF626BE230F00C4049E /* Frameworks */ = {
			isa = PBXFrameworksBuildPhase;
			buildActionMask = 2147483647;
			files = (
				E2991D63E431E0CA1AECB1DA /* Pods_E_commerce_nursery.framework in Frameworks */,
			);
			runOnlyForDeploymentPostprocessing = 0;
		};
/* End PBXFrameworksBuildPhase section */

/* Begin PBXGroup section */
		24125AB25204584D4513A386 /* Pods */ = {
			isa = PBXGroup;
			children = (
				D18B63A5F8362C024124FE24 /* Pods-E-commerce-nursery.debug.xcconfig */,
				AF2805F48CF0E242FF86522C /* Pods-E-commerce-nursery.release.xcconfig */,
			);
			path = Pods;
			sourceTree = "<group>";
		};
		BA1D6AA026D8560C00E8BF0A /* View Model */ = {
			isa = PBXGroup;
			children = (
				BA7E02F926D6E09500223B51 /* RegistrationViewModel.swift */,
				BACE6F57270D21CC009787AD /* SearchViewModel.swift */,
				BA78352C26DAF3D200F74A4F /* FetchProductsViewModel.swift */,
				BA7E02FC26D7131100223B51 /* CartViewModel.swift */,
				BA1D6AA126D8569600E8BF0A /* AddtoCartViewModel.swift */,
				BA7AD28226D9CD15004DC366 /* UploadNewProductViewModel.swift */,
			);
			path = "View Model";
			sourceTree = "<group>";
		};
		BA1D6AA326D8605800E8BF0A /* PostToSell */ = {
			isa = PBXGroup;
			children = (
				BA7AD28026D9CBB2004DC366 /* UploadItemsToSell.swift */,
				BA1D6AA426D860AB00E8BF0A /* UploadImageToSell.swift */,
			);
			path = PostToSell;
			sourceTree = "<group>";
		};
		BA658DCC26DC37E700E79F88 /* Data */ = {
			isa = PBXGroup;
			children = (
				BA658DCD26DC37F900E79F88 /* NurseryCategories.json */,
				BA658DCA26DC36EC00E79F88 /* gardenImages.json */,
			);
			path = Data;
			sourceTree = "<group>";
		};
		BA6BBAD126D379CC00FE5904 /* Cart */ = {
			isa = PBXGroup;
			children = (
				BA6BBAD226D379DF00FE5904 /* CartView.swift */,
			);
			path = Cart;
			sourceTree = "<group>";
		};
		BA82DAF026BE230F00C4049E = {
			isa = PBXGroup;
			children = (
				BA82DAFB26BE230F00C4049E /* E-commerce-nursery */,
				BA82DAFA26BE230F00C4049E /* Products */,
				24125AB25204584D4513A386 /* Pods */,
				D483487C0DDD4C7069448980 /* Frameworks */,
			);
			sourceTree = "<group>";
		};
		BA82DAFA26BE230F00C4049E /* Products */ = {
			isa = PBXGroup;
			children = (
				BA82DAF926BE230F00C4049E /* E-commerce-nursery.app */,
			);
			name = Products;
			sourceTree = "<group>";
		};
		BA82DAFB26BE230F00C4049E /* E-commerce-nursery */ = {
			isa = PBXGroup;
			children = (
				BA658DCC26DC37E700E79F88 /* Data */,
				BA907B4D26CC9F700046B655 /* Model */,
				BA82DB0D26BE5ED200C4049E /* View */,
				BA1D6AA026D8560C00E8BF0A /* View Model */,
				BA82DB0C26BE270300C4049E /* App */,
				BA907B5026CC9FF20046B655 /* Extension */,
				BA82DB0026BE231300C4049E /* Assets.xcassets */,
				BA82DB0526BE231300C4049E /* Info.plist */,
				BA670B5B26BF79890043E2A2 /* GoogleService-Info.plist */,
				BA82DB0226BE231300C4049E /* Preview Content */,
			);
			path = "E-commerce-nursery";
			sourceTree = "<group>";
		};
		BA82DB0226BE231300C4049E /* Preview Content */ = {
			isa = PBXGroup;
			children = (
				BA82DB0326BE231300C4049E /* Preview Assets.xcassets */,
			);
			path = "Preview Content";
			sourceTree = "<group>";
		};
		BA82DB0C26BE270300C4049E /* App */ = {
			isa = PBXGroup;
			children = (
				BA670B5926BF42880043E2A2 /* ContentView.swift */,
				BA82DAFC26BE230F00C4049E /* E_commerce_nurseryApp.swift */,
			);
			path = App;
			sourceTree = "<group>";
		};
		BA82DB0D26BE5ED200C4049E /* View */ = {
			isa = PBXGroup;
			children = (
				BA1D6AA326D8605800E8BF0A /* PostToSell */,
				BA8E1D7E26CB86D2009565E4 /* Authentication */,
				BA907B4926CC79C00046B655 /* Shopping */,
			);
			path = View;
			sourceTree = "<group>";
		};
		BA868D1826CE0A15001D4979 /* Grid */ = {
			isa = PBXGroup;
			children = (
				BA868D1426CDFDF0001D4979 /* GridView.swift */,
				BA868D1226CDB1D5001D4979 /* CategoryView.swift */,
				BA868D1626CE050D001D4979 /* SectionView.swift */,
			);
			path = Grid;
			sourceTree = "<group>";
		};
		BA868D1926CE0AD1001D4979 /* Navigation Bar */ = {
			isa = PBXGroup;
			children = (
				BA907B4726CC61660046B655 /* NavBarView.swift */,
				BA921E6426CF898700244F0B /* NavBarProductView.swift */,
			);
			path = "Navigation Bar";
			sourceTree = "<group>";
		};
		BA868D1A26CE0AE0001D4979 /* Tab View */ = {
			isa = PBXGroup;
			children = (
				BA907B5326CCA2130046B655 /* TabImageView.swift */,
			);
			path = "Tab View";
			sourceTree = "<group>";
		};
		BA8E1D7E26CB86D2009565E4 /* Authentication */ = {
			isa = PBXGroup;
			children = (
				BA82DB1426BE642400C4049E /* RegisterView.swift */,
				BA82DB1226BE641600C4049E /* LoginView.swift */,
			);
			path = Authentication;
			sourceTree = "<group>";
		};
		BA907B4926CC79C00046B655 /* Shopping */ = {
			isa = PBXGroup;
			children = (
				BA670B5D26BF82030043E2A2 /* ShopView.swift */,
				BA868D1926CE0AD1001D4979 /* Navigation Bar */,
				BACE6F54270D0B8E009787AD /* Search Bar */,
				BA868D1A26CE0AE0001D4979 /* Tab View */,
				BA868D1826CE0A15001D4979 /* Grid */,
				BA921E5A26CEFC1A00244F0B /* Tab Bar */,
				BA6BBAD126D379CC00FE5904 /* Cart */,
				BA921E6326CF7F9C00244F0B /* Products */,
			);
			path = Shopping;
			sourceTree = "<group>";
		};
		BA907B4D26CC9F700046B655 /* Model */ = {
			isa = PBXGroup;
			children = (
				BA921E5F26CF179F00244F0B /* SellingProductModel.swift */,
				BA658DCF26DC386500E79F88 /* PlantModel.swift */,
				BA658DD126DC388200E79F88 /* CategoryModel.swift */,
				BA7AD28426D9CE85004DC366 /* UploadProductModel.swift */,
				BA7E02FE26D7188800223B51 /* CartModel.swift */,
				BACE6F59270D2B6B009787AD /* SearchModel.swift */,
			);
			path = Model;
			sourceTree = "<group>";
		};
		BA907B5026CC9FF20046B655 /* Extension */ = {
			isa = PBXGroup;
			children = (
				BA907B5126CCA0080046B655 /* BundleDecodable.swift */,
			);
			path = Extension;
			sourceTree = "<group>";
		};
		BA921E5A26CEFC1A00244F0B /* Tab Bar */ = {
			isa = PBXGroup;
			children = (
				BA921E5826CEE56F00244F0B /* TabBarView.swift */,
			);
			path = "Tab Bar";
			sourceTree = "<group>";
		};
		BA921E6326CF7F9C00244F0B /* Products */ = {
			isa = PBXGroup;
			children = (
				BA78352A26DAED8D00F74A4F /* ProductLoadView.swift */,
				BA658DC626DC11A200E79F88 /* ProductInformationView.swift */,
				BA98B14726D04B1A00225891 /* ProductImageView.swift */,
				BA98B14D26D06EC700225891 /* ProductDescriptionView.swift */,
				BA658DC826DC338000E79F88 /* ProductQuantityView.swift */,
				BA98B14F26D072E800225891 /* CartAdditionButton.swift */,
			);
			path = Products;
			sourceTree = "<group>";
		};
		BACE6F54270D0B8E009787AD /* Search Bar */ = {
			isa = PBXGroup;
			children = (
				BACE6F55270D0BAB009787AD /* SearchBarView.swift */,
				BACE6F5B270D4578009787AD /* SearchDetailView.swift */,
			);
			path = "Search Bar";
			sourceTree = "<group>";
		};
		D483487C0DDD4C7069448980 /* Frameworks */ = {
			isa = PBXGroup;
			children = (
				9538DCCD71067A96C531015C /* Pods_E_commerce_nursery.framework */,
			);
			name = Frameworks;
			sourceTree = "<group>";
		};
/* End PBXGroup section */

/* Begin PBXNativeTarget section */
		BA82DAF826BE230F00C4049E /* E-commerce-nursery */ = {
			isa = PBXNativeTarget;
			buildConfigurationList = BA82DB0826BE231300C4049E /* Build configuration list for PBXNativeTarget "E-commerce-nursery" */;
			buildPhases = (
				38D8933E769820DBFBE18BE3 /* [CP] Check Pods Manifest.lock */,
				BA82DAF526BE230F00C4049E /* Sources */,
				BA82DAF626BE230F00C4049E /* Frameworks */,
				BA82DAF726BE230F00C4049E /* Resources */,
				8C19D3C19A662ADEA31D2B5C /* [CP] Embed Pods Frameworks */,
			);
			buildRules = (
			);
			dependencies = (
			);
			name = "E-commerce-nursery";
			productName = "E-commerce-nursery";
			productReference = BA82DAF926BE230F00C4049E /* E-commerce-nursery.app */;
			productType = "com.apple.product-type.application";
		};
/* End PBXNativeTarget section */

/* Begin PBXProject section */
		BA82DAF126BE230F00C4049E /* Project object */ = {
			isa = PBXProject;
			attributes = {
				LastSwiftUpdateCheck = 1250;
				LastUpgradeCheck = 1250;
				TargetAttributes = {
					BA82DAF826BE230F00C4049E = {
						CreatedOnToolsVersion = 12.5.1;
					};
				};
			};
			buildConfigurationList = BA82DAF426BE230F00C4049E /* Build configuration list for PBXProject "E-commerce-nursery" */;
			compatibilityVersion = "Xcode 9.3";
			developmentRegion = en;
			hasScannedForEncodings = 0;
			knownRegions = (
				en,
				Base,
			);
			mainGroup = BA82DAF026BE230F00C4049E;
			productRefGroup = BA82DAFA26BE230F00C4049E /* Products */;
			projectDirPath = "";
			projectRoot = "";
			targets = (
				BA82DAF826BE230F00C4049E /* E-commerce-nursery */,
			);
		};
/* End PBXProject section */

/* Begin PBXResourcesBuildPhase section */
		BA82DAF726BE230F00C4049E /* Resources */ = {
			isa = PBXResourcesBuildPhase;
			buildActionMask = 2147483647;
			files = (
				BA658DCE26DC37F900E79F88 /* NurseryCategories.json in Resources */,
				BA658DCB26DC36EC00E79F88 /* gardenImages.json in Resources */,
				BA82DB0426BE231300C4049E /* Preview Assets.xcassets in Resources */,
				BA82DB0126BE231300C4049E /* Assets.xcassets in Resources */,
				BA670B5C26BF79890043E2A2 /* GoogleService-Info.plist in Resources */,
			);
			runOnlyForDeploymentPostprocessing = 0;
		};
/* End PBXResourcesBuildPhase section */

/* Begin PBXShellScriptBuildPhase section */
		38D8933E769820DBFBE18BE3 /* [CP] Check Pods Manifest.lock */ = {
			isa = PBXShellScriptBuildPhase;
			buildActionMask = 2147483647;
			files = (
			);
			inputFileListPaths = (
			);
			inputPaths = (
				"${PODS_PODFILE_DIR_PATH}/Podfile.lock",
				"${PODS_ROOT}/Manifest.lock",
			);
			name = "[CP] Check Pods Manifest.lock";
			outputFileListPaths = (
			);
			outputPaths = (
				"$(DERIVED_FILE_DIR)/Pods-E-commerce-nursery-checkManifestLockResult.txt",
			);
			runOnlyForDeploymentPostprocessing = 0;
			shellPath = /bin/sh;
			shellScript = "diff \"${PODS_PODFILE_DIR_PATH}/Podfile.lock\" \"${PODS_ROOT}/Manifest.lock\" > /dev/null\nif [ $? != 0 ] ; then\n    # print error to STDERR\n    echo \"error: The sandbox is not in sync with the Podfile.lock. Run 'pod install' or update your CocoaPods installation.\" >&2\n    exit 1\nfi\n# This output is used by Xcode 'outputs' to avoid re-running this script phase.\necho \"SUCCESS\" > \"${SCRIPT_OUTPUT_FILE_0}\"\n";
			showEnvVarsInLog = 0;
		};
		8C19D3C19A662ADEA31D2B5C /* [CP] Embed Pods Frameworks */ = {
			isa = PBXShellScriptBuildPhase;
			buildActionMask = 2147483647;
			files = (
			);
			inputFileListPaths = (
				"${PODS_ROOT}/Target Support Files/Pods-E-commerce-nursery/Pods-E-commerce-nursery-frameworks-${CONFIGURATION}-input-files.xcfilelist",
			);
			name = "[CP] Embed Pods Frameworks";
			outputFileListPaths = (
				"${PODS_ROOT}/Target Support Files/Pods-E-commerce-nursery/Pods-E-commerce-nursery-frameworks-${CONFIGURATION}-output-files.xcfilelist",
			);
			runOnlyForDeploymentPostprocessing = 0;
			shellPath = /bin/sh;
			shellScript = "\"${PODS_ROOT}/Target Support Files/Pods-E-commerce-nursery/Pods-E-commerce-nursery-frameworks.sh\"\n";
			showEnvVarsInLog = 0;
		};
/* End PBXShellScriptBuildPhase section */

/* Begin PBXSourcesBuildPhase section */
		BA82DAF526BE230F00C4049E /* Sources */ = {
			isa = PBXSourcesBuildPhase;
			buildActionMask = 2147483647;
			files = (
				BA98B14826D04B1A00225891 /* ProductImageView.swift in Sources */,
				BA907B5226CCA0080046B655 /* BundleDecodable.swift in Sources */,
				BA868D1726CE050D001D4979 /* SectionView.swift in Sources */,
				BA907B5426CCA2130046B655 /* TabImageView.swift in Sources */,
				BA921E6526CF898700244F0B /* NavBarProductView.swift in Sources */,
				BA921E5926CEE56F00244F0B /* TabBarView.swift in Sources */,
				BA670B5E26BF82030043E2A2 /* ShopView.swift in Sources */,
				BACE6F56270D0BAB009787AD /* SearchBarView.swift in Sources */,
				BA868D1326CDB1D5001D4979 /* CategoryView.swift in Sources */,
				BA7E02FF26D7188800223B51 /* CartModel.swift in Sources */,
				BA82DB1526BE642400C4049E /* RegisterView.swift in Sources */,
				BA658DC726DC11A200E79F88 /* ProductInformationView.swift in Sources */,
				BA658DD026DC386500E79F88 /* PlantModel.swift in Sources */,
				BA78352B26DAED8D00F74A4F /* ProductLoadView.swift in Sources */,
				BACE6F58270D21CC009787AD /* SearchViewModel.swift in Sources */,
				BA7AD28326D9CD15004DC366 /* UploadNewProductViewModel.swift in Sources */,
				BA907B4826CC61660046B655 /* NavBarView.swift in Sources */,
				BA98B14E26D06EC700225891 /* ProductDescriptionView.swift in Sources */,
				BACE6F5A270D2B6B009787AD /* SearchModel.swift in Sources */,
				BA7AD28126D9CBB2004DC366 /* UploadItemsToSell.swift in Sources */,
				BA658DC926DC338000E79F88 /* ProductQuantityView.swift in Sources */,
				BACE6F5C270D4578009787AD /* SearchDetailView.swift in Sources */,
				BA7E02FA26D6E09500223B51 /* RegistrationViewModel.swift in Sources */,
				BA1D6AA526D860AB00E8BF0A /* UploadImageToSell.swift in Sources */,
				BA868D1526CDFDF0001D4979 /* GridView.swift in Sources */,
				BA7E02FD26D7131100223B51 /* CartViewModel.swift in Sources */,
				BA82DB1326BE641600C4049E /* LoginView.swift in Sources */,
				BA7AD28526D9CE85004DC366 /* UploadProductModel.swift in Sources */,
				BA921E6026CF179F00244F0B /* SellingProductModel.swift in Sources */,
				BA78352D26DAF3D200F74A4F /* FetchProductsViewModel.swift in Sources */,
				BA670B5A26BF42880043E2A2 /* ContentView.swift in Sources */,
				BA82DAFD26BE230F00C4049E /* E_commerce_nurseryApp.swift in Sources */,
				BA1D6AA226D8569600E8BF0A /* AddtoCartViewModel.swift in Sources */,
				BA658DD226DC388200E79F88 /* CategoryModel.swift in Sources */,
				BA98B15026D072E800225891 /* CartAdditionButton.swift in Sources */,
				BA6BBAD326D379DF00FE5904 /* CartView.swift in Sources */,
			);
			runOnlyForDeploymentPostprocessing = 0;
		};
/* End PBXSourcesBuildPhase section */

/* Begin XCBuildConfiguration section */
		BA82DB0626BE231300C4049E /* Debug */ = {
			isa = XCBuildConfiguration;
			buildSettings = {
				ALWAYS_SEARCH_USER_PATHS = NO;
				CLANG_ANALYZER_NONNULL = YES;
				CLANG_ANALYZER_NUMBER_OBJECT_CONVERSION = YES_AGGRESSIVE;
				CLANG_CXX_LANGUAGE_STANDARD = "gnu++14";
				CLANG_CXX_LIBRARY = "libc++";
				CLANG_ENABLE_MODULES = YES;
				CLANG_ENABLE_OBJC_ARC = YES;
				CLANG_ENABLE_OBJC_WEAK = YES;
				CLANG_WARN_BLOCK_CAPTURE_AUTORELEASING = YES;
				CLANG_WARN_BOOL_CONVERSION = YES;
				CLANG_WARN_COMMA = YES;
				CLANG_WARN_CONSTANT_CONVERSION = YES;
				CLANG_WARN_DEPRECATED_OBJC_IMPLEMENTATIONS = YES;
				CLANG_WARN_DIRECT_OBJC_ISA_USAGE = YES_ERROR;
				CLANG_WARN_DOCUMENTATION_COMMENTS = YES;
				CLANG_WARN_EMPTY_BODY = YES;
				CLANG_WARN_ENUM_CONVERSION = YES;
				CLANG_WARN_INFINITE_RECURSION = YES;
				CLANG_WARN_INT_CONVERSION = YES;
				CLANG_WARN_NON_LITERAL_NULL_CONVERSION = YES;
				CLANG_WARN_OBJC_IMPLICIT_RETAIN_SELF = YES;
				CLANG_WARN_OBJC_LITERAL_CONVERSION = YES;
				CLANG_WARN_OBJC_ROOT_CLASS = YES_ERROR;
				CLANG_WARN_QUOTED_INCLUDE_IN_FRAMEWORK_HEADER = YES;
				CLANG_WARN_RANGE_LOOP_ANALYSIS = YES;
				CLANG_WARN_STRICT_PROTOTYPES = YES;
				CLANG_WARN_SUSPICIOUS_MOVE = YES;
				CLANG_WARN_UNGUARDED_AVAILABILITY = YES_AGGRESSIVE;
				CLANG_WARN_UNREACHABLE_CODE = YES;
				CLANG_WARN__DUPLICATE_METHOD_MATCH = YES;
				COPY_PHASE_STRIP = NO;
				DEBUG_INFORMATION_FORMAT = dwarf;
				ENABLE_STRICT_OBJC_MSGSEND = YES;
				ENABLE_TESTABILITY = YES;
				GCC_C_LANGUAGE_STANDARD = gnu11;
				GCC_DYNAMIC_NO_PIC = NO;
				GCC_NO_COMMON_BLOCKS = YES;
				GCC_OPTIMIZATION_LEVEL = 0;
				GCC_PREPROCESSOR_DEFINITIONS = (
					"DEBUG=1",
					"$(inherited)",
				);
				GCC_WARN_64_TO_32_BIT_CONVERSION = YES;
				GCC_WARN_ABOUT_RETURN_TYPE = YES_ERROR;
				GCC_WARN_UNDECLARED_SELECTOR = YES;
				GCC_WARN_UNINITIALIZED_AUTOS = YES_AGGRESSIVE;
				GCC_WARN_UNUSED_FUNCTION = YES;
				GCC_WARN_UNUSED_VARIABLE = YES;
				IPHONEOS_DEPLOYMENT_TARGET = 14.5;
				MTL_ENABLE_DEBUG_INFO = INCLUDE_SOURCE;
				MTL_FAST_MATH = YES;
				ONLY_ACTIVE_ARCH = YES;
				SDKROOT = iphoneos;
				SWIFT_ACTIVE_COMPILATION_CONDITIONS = DEBUG;
				SWIFT_OPTIMIZATION_LEVEL = "-Onone";
			};
			name = Debug;
		};
		BA82DB0726BE231300C4049E /* Release */ = {
			isa = XCBuildConfiguration;
			buildSettings = {
				ALWAYS_SEARCH_USER_PATHS = NO;
				CLANG_ANALYZER_NONNULL = YES;
				CLANG_ANALYZER_NUMBER_OBJECT_CONVERSION = YES_AGGRESSIVE;
				CLANG_CXX_LANGUAGE_STANDARD = "gnu++14";
				CLANG_CXX_LIBRARY = "libc++";
				CLANG_ENABLE_MODULES = YES;
				CLANG_ENABLE_OBJC_ARC = YES;
				CLANG_ENABLE_OBJC_WEAK = YES;
				CLANG_WARN_BLOCK_CAPTURE_AUTORELEASING = YES;
				CLANG_WARN_BOOL_CONVERSION = YES;
				CLANG_WARN_COMMA = YES;
				CLANG_WARN_CONSTANT_CONVERSION = YES;
				CLANG_WARN_DEPRECATED_OBJC_IMPLEMENTATIONS = YES;
				CLANG_WARN_DIRECT_OBJC_ISA_USAGE = YES_ERROR;
				CLANG_WARN_DOCUMENTATION_COMMENTS = YES;
				CLANG_WARN_EMPTY_BODY = YES;
				CLANG_WARN_ENUM_CONVERSION = YES;
				CLANG_WARN_INFINITE_RECURSION = YES;
				CLANG_WARN_INT_CONVERSION = YES;
				CLANG_WARN_NON_LITERAL_NULL_CONVERSION = YES;
				CLANG_WARN_OBJC_IMPLICIT_RETAIN_SELF = YES;
				CLANG_WARN_OBJC_LITERAL_CONVERSION = YES;
				CLANG_WARN_OBJC_ROOT_CLASS = YES_ERROR;
				CLANG_WARN_QUOTED_INCLUDE_IN_FRAMEWORK_HEADER = YES;
				CLANG_WARN_RANGE_LOOP_ANALYSIS = YES;
				CLANG_WARN_STRICT_PROTOTYPES = YES;
				CLANG_WARN_SUSPICIOUS_MOVE = YES;
				CLANG_WARN_UNGUARDED_AVAILABILITY = YES_AGGRESSIVE;
				CLANG_WARN_UNREACHABLE_CODE = YES;
				CLANG_WARN__DUPLICATE_METHOD_MATCH = YES;
				COPY_PHASE_STRIP = NO;
				DEBUG_INFORMATION_FORMAT = "dwarf-with-dsym";
				ENABLE_NS_ASSERTIONS = NO;
				ENABLE_STRICT_OBJC_MSGSEND = YES;
				GCC_C_LANGUAGE_STANDARD = gnu11;
				GCC_NO_COMMON_BLOCKS = YES;
				GCC_WARN_64_TO_32_BIT_CONVERSION = YES;
				GCC_WARN_ABOUT_RETURN_TYPE = YES_ERROR;
				GCC_WARN_UNDECLARED_SELECTOR = YES;
				GCC_WARN_UNINITIALIZED_AUTOS = YES_AGGRESSIVE;
				GCC_WARN_UNUSED_FUNCTION = YES;
				GCC_WARN_UNUSED_VARIABLE = YES;
				IPHONEOS_DEPLOYMENT_TARGET = 14.5;
				MTL_ENABLE_DEBUG_INFO = NO;
				MTL_FAST_MATH = YES;
				SDKROOT = iphoneos;
				SWIFT_COMPILATION_MODE = wholemodule;
				SWIFT_OPTIMIZATION_LEVEL = "-O";
				VALIDATE_PRODUCT = YES;
			};
			name = Release;
		};
		BA82DB0926BE231300C4049E /* Debug */ = {
			isa = XCBuildConfiguration;
			baseConfigurationReference = D18B63A5F8362C024124FE24 /* Pods-E-commerce-nursery.debug.xcconfig */;
			buildSettings = {
				ASSETCATALOG_COMPILER_APPICON_NAME = AppIcon;
				ASSETCATALOG_COMPILER_GLOBAL_ACCENT_COLOR_NAME = AccentColor;
				CODE_SIGN_STYLE = Automatic;
				DEVELOPMENT_ASSET_PATHS = "\"E-commerce-nursery/Preview Content\"";
				ENABLE_PREVIEWS = YES;
				INFOPLIST_FILE = "E-commerce-nursery/Info.plist";
				IPHONEOS_DEPLOYMENT_TARGET = 14.0;
				LD_RUNPATH_SEARCH_PATHS = (
					"$(inherited)",
					"@executable_path/Frameworks",
				);
				PRODUCT_BUNDLE_IDENTIFIER = "com.ruchirelukurthy.E-commerce-nursery";
				PRODUCT_NAME = "$(TARGET_NAME)";
				SWIFT_VERSION = 5.0;
				TARGETED_DEVICE_FAMILY = "1,2";
			};
			name = Debug;
		};
		BA82DB0A26BE231300C4049E /* Release */ = {
			isa = XCBuildConfiguration;
			baseConfigurationReference = AF2805F48CF0E242FF86522C /* Pods-E-commerce-nursery.release.xcconfig */;
			buildSettings = {
				ASSETCATALOG_COMPILER_APPICON_NAME = AppIcon;
				ASSETCATALOG_COMPILER_GLOBAL_ACCENT_COLOR_NAME = AccentColor;
				CODE_SIGN_STYLE = Automatic;
				DEVELOPMENT_ASSET_PATHS = "\"E-commerce-nursery/Preview Content\"";
				ENABLE_PREVIEWS = YES;
				INFOPLIST_FILE = "E-commerce-nursery/Info.plist";
				IPHONEOS_DEPLOYMENT_TARGET = 14.0;
				LD_RUNPATH_SEARCH_PATHS = (
					"$(inherited)",
					"@executable_path/Frameworks",
				);
				PRODUCT_BUNDLE_IDENTIFIER = "com.ruchirelukurthy.E-commerce-nursery";
				PRODUCT_NAME = "$(TARGET_NAME)";
				SWIFT_VERSION = 5.0;
				TARGETED_DEVICE_FAMILY = "1,2";
			};
			name = Release;
		};
/* End XCBuildConfiguration section */

/* Begin XCConfigurationList section */
		BA82DAF426BE230F00C4049E /* Build configuration list for PBXProject "E-commerce-nursery" */ = {
			isa = XCConfigurationList;
			buildConfigurations = (
				BA82DB0626BE231300C4049E /* Debug */,
				BA82DB0726BE231300C4049E /* Release */,
			);
			defaultConfigurationIsVisible = 0;
			defaultConfigurationName = Release;
		};
		BA82DB0826BE231300C4049E /* Build configuration list for PBXNativeTarget "E-commerce-nursery" */ = {
			isa = XCConfigurationList;
			buildConfigurations = (
				BA82DB0926BE231300C4049E /* Debug */,
				BA82DB0A26BE231300C4049E /* Release */,
			);
			defaultConfigurationIsVisible = 0;
			defaultConfigurationName = Release;
		};
/* End XCConfigurationList section */
	};
	rootObject = BA82DAF126BE230F00C4049E /* Project object */;
}
