// !$*UTF8*$!
{
	archiveVersion = 1;
	classes = {
	};
	objectVersion = 51;
	objects = {

/* Begin PBXBuildFile section */
		BA670B5826BF421F0043E2A2 /* HeaderView.swift in Sources */ = {isa = PBXBuildFile; fileRef = BA670B5726BF421E0043E2A2 /* HeaderView.swift */; };
		BA670B5A26BF42880043E2A2 /* welcomePage.swift in Sources */ = {isa = PBXBuildFile; fileRef = BA670B5926BF42880043E2A2 /* welcomePage.swift */; };
		BA670B5C26BF79890043E2A2 /* GoogleService-Info.plist in Resources */ = {isa = PBXBuildFile; fileRef = BA670B5B26BF79890043E2A2 /* GoogleService-Info.plist */; };
		BA670B5E26BF82030043E2A2 /* ShopView.swift in Sources */ = {isa = PBXBuildFile; fileRef = BA670B5D26BF82030043E2A2 /* ShopView.swift */; };
		BA82DAFD26BE230F00C4049E /* E_commerce_nurseryApp.swift in Sources */ = {isa = PBXBuildFile; fileRef = BA82DAFC26BE230F00C4049E /* E_commerce_nurseryApp.swift */; };
		BA82DAFF26BE230F00C4049E /* ContentView.swift in Sources */ = {isa = PBXBuildFile; fileRef = BA82DAFE26BE230F00C4049E /* ContentView.swift */; };
		BA82DB0126BE231300C4049E /* Assets.xcassets in Resources */ = {isa = PBXBuildFile; fileRef = BA82DB0026BE231300C4049E /* Assets.xcassets */; };
		BA82DB0426BE231300C4049E /* Preview Assets.xcassets in Resources */ = {isa = PBXBuildFile; fileRef = BA82DB0326BE231300C4049E /* Preview Assets.xcassets */; };
		BA82DB0F26BE5EE600C4049E /* LoginButtonView.swift in Sources */ = {isa = PBXBuildFile; fileRef = BA82DB0E26BE5EE600C4049E /* LoginButtonView.swift */; };
		BA82DB1126BE5EF900C4049E /* RegisterButtonView.swift in Sources */ = {isa = PBXBuildFile; fileRef = BA82DB1026BE5EF900C4049E /* RegisterButtonView.swift */; };
		BA82DB1326BE641600C4049E /* LoginView.swift in Sources */ = {isa = PBXBuildFile; fileRef = BA82DB1226BE641600C4049E /* LoginView.swift */; };
		BA82DB1526BE642400C4049E /* RegisterView.swift in Sources */ = {isa = PBXBuildFile; fileRef = BA82DB1426BE642400C4049E /* RegisterView.swift */; };
		BA8E1D8426CB883A009565E4 /* Constants.swift in Sources */ = {isa = PBXBuildFile; fileRef = BA8E1D8326CB883A009565E4 /* Constants.swift */; };
		BA907B4826CC61660046B655 /* NavBarView.swift in Sources */ = {isa = PBXBuildFile; fileRef = BA907B4726CC61660046B655 /* NavBarView.swift */; };
		BA907B4C26CC9E520046B655 /* gardenImages.json in Resources */ = {isa = PBXBuildFile; fileRef = BA907B4B26CC9E520046B655 /* gardenImages.json */; };
		BA907B4F26CC9F870046B655 /* PlantModel.swift in Sources */ = {isa = PBXBuildFile; fileRef = BA907B4E26CC9F870046B655 /* PlantModel.swift */; };
		BA907B5226CCA0080046B655 /* BundleDecodable.swift in Sources */ = {isa = PBXBuildFile; fileRef = BA907B5126CCA0080046B655 /* BundleDecodable.swift */; };
		E2991D63E431E0CA1AECB1DA /* Pods_E_commerce_nursery.framework in Frameworks */ = {isa = PBXBuildFile; fileRef = 9538DCCD71067A96C531015C /* Pods_E_commerce_nursery.framework */; };
/* End PBXBuildFile section */

/* Begin PBXFileReference section */
		9538DCCD71067A96C531015C /* Pods_E_commerce_nursery.framework */ = {isa = PBXFileReference; explicitFileType = wrapper.framework; includeInIndex = 0; path = Pods_E_commerce_nursery.framework; sourceTree = BUILT_PRODUCTS_DIR; };
		AF2805F48CF0E242FF86522C /* Pods-E-commerce-nursery.release.xcconfig */ = {isa = PBXFileReference; includeInIndex = 1; lastKnownFileType = text.xcconfig; name = "Pods-E-commerce-nursery.release.xcconfig"; path = "Target Support Files/Pods-E-commerce-nursery/Pods-E-commerce-nursery.release.xcconfig"; sourceTree = "<group>"; };
		BA670B5726BF421E0043E2A2 /* HeaderView.swift */ = {isa = PBXFileReference; lastKnownFileType = sourcecode.swift; path = HeaderView.swift; sourceTree = "<group>"; };
		BA670B5926BF42880043E2A2 /* welcomePage.swift */ = {isa = PBXFileReference; lastKnownFileType = sourcecode.swift; path = welcomePage.swift; sourceTree = "<group>"; };
		BA670B5B26BF79890043E2A2 /* GoogleService-Info.plist */ = {isa = PBXFileReference; fileEncoding = 4; lastKnownFileType = text.plist.xml; path = "GoogleService-Info.plist"; sourceTree = "<group>"; };
		BA670B5D26BF82030043E2A2 /* ShopView.swift */ = {isa = PBXFileReference; lastKnownFileType = sourcecode.swift; path = ShopView.swift; sourceTree = "<group>"; };
		BA82DAF926BE230F00C4049E /* E-commerce-nursery.app */ = {isa = PBXFileReference; explicitFileType = wrapper.application; includeInIndex = 0; path = "E-commerce-nursery.app"; sourceTree = BUILT_PRODUCTS_DIR; };
		BA82DAFC26BE230F00C4049E /* E_commerce_nurseryApp.swift */ = {isa = PBXFileReference; lastKnownFileType = sourcecode.swift; path = E_commerce_nurseryApp.swift; sourceTree = "<group>"; };
		BA82DAFE26BE230F00C4049E /* ContentView.swift */ = {isa = PBXFileReference; lastKnownFileType = sourcecode.swift; path = ContentView.swift; sourceTree = "<group>"; };
		BA82DB0026BE231300C4049E /* Assets.xcassets */ = {isa = PBXFileReference; lastKnownFileType = folder.assetcatalog; path = Assets.xcassets; sourceTree = "<group>"; };
		BA82DB0326BE231300C4049E /* Preview Assets.xcassets */ = {isa = PBXFileReference; lastKnownFileType = folder.assetcatalog; path = "Preview Assets.xcassets"; sourceTree = "<group>"; };
		BA82DB0526BE231300C4049E /* Info.plist */ = {isa = PBXFileReference; lastKnownFileType = text.plist.xml; path = Info.plist; sourceTree = "<group>"; };
		BA82DB0E26BE5EE600C4049E /* LoginButtonView.swift */ = {isa = PBXFileReference; lastKnownFileType = sourcecode.swift; path = LoginButtonView.swift; sourceTree = "<group>"; };
		BA82DB1026BE5EF900C4049E /* RegisterButtonView.swift */ = {isa = PBXFileReference; lastKnownFileType = sourcecode.swift; path = RegisterButtonView.swift; sourceTree = "<group>"; };
		BA82DB1226BE641600C4049E /* LoginView.swift */ = {isa = PBXFileReference; lastKnownFileType = sourcecode.swift; path = LoginView.swift; sourceTree = "<group>"; };
		BA82DB1426BE642400C4049E /* RegisterView.swift */ = {isa = PBXFileReference; lastKnownFileType = sourcecode.swift; path = RegisterView.swift; sourceTree = "<group>"; };
		BA8E1D8326CB883A009565E4 /* Constants.swift */ = {isa = PBXFileReference; lastKnownFileType = sourcecode.swift; path = Constants.swift; sourceTree = "<group>"; };
		BA907B4726CC61660046B655 /* NavBarView.swift */ = {isa = PBXFileReference; lastKnownFileType = sourcecode.swift; path = NavBarView.swift; sourceTree = "<group>"; };
		BA907B4B26CC9E520046B655 /* gardenImages.json */ = {isa = PBXFileReference; lastKnownFileType = text.json; path = gardenImages.json; sourceTree = "<group>"; };
		BA907B4E26CC9F870046B655 /* PlantModel.swift */ = {isa = PBXFileReference; lastKnownFileType = sourcecode.swift; path = PlantModel.swift; sourceTree = "<group>"; };
		BA907B5126CCA0080046B655 /* BundleDecodable.swift */ = {isa = PBXFileReference; lastKnownFileType = sourcecode.swift; path = BundleDecodable.swift; sourceTree = "<group>"; };
		D18B63A5F8362C024124FE24 /* Pods-E-commerce-nursery.debug.xcconfig */ = {isa = PBXFileReference; includeInIndex = 1; lastKnownFileType = text.xcconfig; name = "Pods-E-commerce-nursery.debug.xcconfig"; path = "Target Support Files/Pods-E-commerce-nursery/Pods-E-commerce-nursery.debug.xcconfig"; sourceTree = "<group>"; };
/* End PBXFileReference section */

/* Begin PBXFrameworksBuildPhase section */
		BA82DAF626BE230F00C4049E /* Frameworks */ = {
			isa = PBXFrameworksBuildPhase;
			buildActionMask = 2147483647;
			files = (
				E2991D63E431E0CA1AECB1DA /* Pods_E_commerce_nursery.framework in Frameworks */,
			);
			runOnlyForDeploymentPostprocessing = 0;
		};
/* End PBXFrameworksBuildPhase section */

/* Begin PBXGroup section */
		24125AB25204584D4513A386 /* Pods */ = {
			isa = PBXGroup;
			children = (
				D18B63A5F8362C024124FE24 /* Pods-E-commerce-nursery.debug.xcconfig */,
				AF2805F48CF0E242FF86522C /* Pods-E-commerce-nursery.release.xcconfig */,
			);
			path = Pods;
			sourceTree = "<group>";
		};
		BA82DAF026BE230F00C4049E = {
			isa = PBXGroup;
			children = (
				BA82DAFB26BE230F00C4049E /* E-commerce-nursery */,
				BA82DAFA26BE230F00C4049E /* Products */,
				24125AB25204584D4513A386 /* Pods */,
				D483487C0DDD4C7069448980 /* Frameworks */,
			);
			sourceTree = "<group>";
		};
		BA82DAFA26BE230F00C4049E /* Products */ = {
			isa = PBXGroup;
			children = (
				BA82DAF926BE230F00C4049E /* E-commerce-nursery.app */,
			);
			name = Products;
			sourceTree = "<group>";
		};
		BA82DAFB26BE230F00C4049E /* E-commerce-nursery */ = {
			isa = PBXGroup;
			children = (
				BA907B5026CC9FF20046B655 /* Extension */,
				BA907B4D26CC9F700046B655 /* Model */,
				BA82DB0D26BE5ED200C4049E /* View */,
				BA82DB0C26BE270300C4049E /* App */,
				BA907B4A26CC9D590046B655 /* Data */,
				BA8E1D8226CB880F009565E4 /* Utilities */,
				BA82DB0026BE231300C4049E /* Assets.xcassets */,
				BA82DB0526BE231300C4049E /* Info.plist */,
				BA670B5B26BF79890043E2A2 /* GoogleService-Info.plist */,
				BA82DB0226BE231300C4049E /* Preview Content */,
			);
			path = "E-commerce-nursery";
			sourceTree = "<group>";
		};
		BA82DB0226BE231300C4049E /* Preview Content */ = {
			isa = PBXGroup;
			children = (
				BA82DB0326BE231300C4049E /* Preview Assets.xcassets */,
			);
			path = "Preview Content";
			sourceTree = "<group>";
		};
		BA82DB0C26BE270300C4049E /* App */ = {
			isa = PBXGroup;
			children = (
				BA670B5726BF421E0043E2A2 /* HeaderView.swift */,
				BA670B5926BF42880043E2A2 /* welcomePage.swift */,
				BA82DAFE26BE230F00C4049E /* ContentView.swift */,
				BA82DAFC26BE230F00C4049E /* E_commerce_nurseryApp.swift */,
			);
			path = App;
			sourceTree = "<group>";
		};
		BA82DB0D26BE5ED200C4049E /* View */ = {
			isa = PBXGroup;
			children = (
				BA8E1D7E26CB86D2009565E4 /* Authentication */,
				BA907B4926CC79C00046B655 /* Shopping */,
			);
			path = View;
			sourceTree = "<group>";
		};
		BA8E1D7E26CB86D2009565E4 /* Authentication */ = {
			isa = PBXGroup;
			children = (
				BA8E1D8026CB8700009565E4 /* Registration */,
				BA8E1D8126CB8727009565E4 /* Login */,
			);
			path = Authentication;
			sourceTree = "<group>";
		};
		BA8E1D8026CB8700009565E4 /* Registration */ = {
			isa = PBXGroup;
			children = (
				BA82DB1026BE5EF900C4049E /* RegisterButtonView.swift */,
				BA82DB1426BE642400C4049E /* RegisterView.swift */,
			);
			path = Registration;
			sourceTree = "<group>";
		};
		BA8E1D8126CB8727009565E4 /* Login */ = {
			isa = PBXGroup;
			children = (
				BA82DB0E26BE5EE600C4049E /* LoginButtonView.swift */,
				BA82DB1226BE641600C4049E /* LoginView.swift */,
			);
			path = Login;
			sourceTree = "<group>";
		};
		BA8E1D8226CB880F009565E4 /* Utilities */ = {
			isa = PBXGroup;
			children = (
				BA8E1D8326CB883A009565E4 /* Constants.swift */,
			);
			path = Utilities;
			sourceTree = "<group>";
		};
		BA907B4926CC79C00046B655 /* Shopping */ = {
			isa = PBXGroup;
			children = (
				BA670B5D26BF82030043E2A2 /* ShopView.swift */,
				BA907B4726CC61660046B655 /* NavBarView.swift */,
			);
			path = Shopping;
			sourceTree = "<group>";
		};
		BA907B4A26CC9D590046B655 /* Data */ = {
			isa = PBXGroup;
			children = (
				BA907B4B26CC9E520046B655 /* gardenImages.json */,
			);
			path = Data;
			sourceTree = "<group>";
		};
		BA907B4D26CC9F700046B655 /* Model */ = {
			isa = PBXGroup;
			children = (
				BA907B4E26CC9F870046B655 /* PlantModel.swift */,
			);
			path = Model;
			sourceTree = "<group>";
		};
		BA907B5026CC9FF20046B655 /* Extension */ = {
			isa = PBXGroup;
			children = (
				BA907B5126CCA0080046B655 /* BundleDecodable.swift */,
			);
			path = Extension;
			sourceTree = "<group>";
		};
		D483487C0DDD4C7069448980 /* Frameworks */ = {
			isa = PBXGroup;
			children = (
				9538DCCD71067A96C531015C /* Pods_E_commerce_nursery.framework */,
			);
			name = Frameworks;
			sourceTree = "<group>";
		};
/* End PBXGroup section */

/* Begin PBXNativeTarget section */
		BA82DAF826BE230F00C4049E /* E-commerce-nursery */ = {
			isa = PBXNativeTarget;
			buildConfigurationList = BA82DB0826BE231300C4049E /* Build configuration list for PBXNativeTarget "E-commerce-nursery" */;
			buildPhases = (
				38D8933E769820DBFBE18BE3 /* [CP] Check Pods Manifest.lock */,
				BA82DAF526BE230F00C4049E /* Sources */,
				BA82DAF626BE230F00C4049E /* Frameworks */,
				BA82DAF726BE230F00C4049E /* Resources */,
				8C19D3C19A662ADEA31D2B5C /* [CP] Embed Pods Frameworks */,
			);
			buildRules = (
			);
			dependencies = (
			);
			name = "E-commerce-nursery";
			productName = "E-commerce-nursery";
			productReference = BA82DAF926BE230F00C4049E /* E-commerce-nursery.app */;
			productType = "com.apple.product-type.application";
		};
/* End PBXNativeTarget section */

/* Begin PBXProject section */
		BA82DAF126BE230F00C4049E /* Project object */ = {
			isa = PBXProject;
			attributes = {
				LastSwiftUpdateCheck = 1250;
				LastUpgradeCheck = 1250;
				TargetAttributes = {
					BA82DAF826BE230F00C4049E = {
						CreatedOnToolsVersion = 12.5.1;
					};
				};
			};
			buildConfigurationList = BA82DAF426BE230F00C4049E /* Build configuration list for PBXProject "E-commerce-nursery" */;
			compatibilityVersion = "Xcode 9.3";
			developmentRegion = en;
			hasScannedForEncodings = 0;
			knownRegions = (
				en,
				Base,
			);
			mainGroup = BA82DAF026BE230F00C4049E;
			productRefGroup = BA82DAFA26BE230F00C4049E /* Products */;
			projectDirPath = "";
			projectRoot = "";
			targets = (
				BA82DAF826BE230F00C4049E /* E-commerce-nursery */,
			);
		};
/* End PBXProject section */

/* Begin PBXResourcesBuildPhase section */
		BA82DAF726BE230F00C4049E /* Resources */ = {
			isa = PBXResourcesBuildPhase;
			buildActionMask = 2147483647;
			files = (
				BA907B4C26CC9E520046B655 /* gardenImages.json in Resources */,
				BA82DB0426BE231300C4049E /* Preview Assets.xcassets in Resources */,
				BA82DB0126BE231300C4049E /* Assets.xcassets in Resources */,
				BA670B5C26BF79890043E2A2 /* GoogleService-Info.plist in Resources */,
			);
			runOnlyForDeploymentPostprocessing = 0;
		};
/* End PBXResourcesBuildPhase section */

/* Begin PBXShellScriptBuildPhase section */
		38D8933E769820DBFBE18BE3 /* [CP] Check Pods Manifest.lock */ = {
			isa = PBXShellScriptBuildPhase;
			buildActionMask = 2147483647;
			files = (
			);
			inputFileListPaths = (
			);
			inputPaths = (
				"${PODS_PODFILE_DIR_PATH}/Podfile.lock",
				"${PODS_ROOT}/Manifest.lock",
			);
			name = "[CP] Check Pods Manifest.lock";
			outputFileListPaths = (
			);
			outputPaths = (
				"$(DERIVED_FILE_DIR)/Pods-E-commerce-nursery-checkManifestLockResult.txt",
			);
			runOnlyForDeploymentPostprocessing = 0;
			shellPath = /bin/sh;
			shellScript = "diff \"${PODS_PODFILE_DIR_PATH}/Podfile.lock\" \"${PODS_ROOT}/Manifest.lock\" > /dev/null\nif [ $? != 0 ] ; then\n    # print error to STDERR\n    echo \"error: The sandbox is not in sync with the Podfile.lock. Run 'pod install' or update your CocoaPods installation.\" >&2\n    exit 1\nfi\n# This output is used by Xcode 'outputs' to avoid re-running this script phase.\necho \"SUCCESS\" > \"${SCRIPT_OUTPUT_FILE_0}\"\n";
			showEnvVarsInLog = 0;
		};
		8C19D3C19A662ADEA31D2B5C /* [CP] Embed Pods Frameworks */ = {
			isa = PBXShellScriptBuildPhase;
			buildActionMask = 2147483647;
			files = (
			);
			inputFileListPaths = (
				"${PODS_ROOT}/Target Support Files/Pods-E-commerce-nursery/Pods-E-commerce-nursery-frameworks-${CONFIGURATION}-input-files.xcfilelist",
			);
			name = "[CP] Embed Pods Frameworks";
			outputFileListPaths = (
				"${PODS_ROOT}/Target Support Files/Pods-E-commerce-nursery/Pods-E-commerce-nursery-frameworks-${CONFIGURATION}-output-files.xcfilelist",
			);
			runOnlyForDeploymentPostprocessing = 0;
			shellPath = /bin/sh;
			shellScript = "\"${PODS_ROOT}/Target Support Files/Pods-E-commerce-nursery/Pods-E-commerce-nursery-frameworks.sh\"\n";
			showEnvVarsInLog = 0;
		};
/* End PBXShellScriptBuildPhase section */

/* Begin PBXSourcesBuildPhase section */
		BA82DAF526BE230F00C4049E /* Sources */ = {
			isa = PBXSourcesBuildPhase;
			buildActionMask = 2147483647;
			files = (
				BA82DB0F26BE5EE600C4049E /* LoginButtonView.swift in Sources */,
				BA907B5226CCA0080046B655 /* BundleDecodable.swift in Sources */,
				BA82DB1126BE5EF900C4049E /* RegisterButtonView.swift in Sources */,
				BA82DAFF26BE230F00C4049E /* ContentView.swift in Sources */,
				BA670B5E26BF82030043E2A2 /* ShopView.swift in Sources */,
				BA82DB1526BE642400C4049E /* RegisterView.swift in Sources */,
				BA907B4826CC61660046B655 /* NavBarView.swift in Sources */,
				BA8E1D8426CB883A009565E4 /* Constants.swift in Sources */,
				BA907B4F26CC9F870046B655 /* PlantModel.swift in Sources */,
				BA82DB1326BE641600C4049E /* LoginView.swift in Sources */,
				BA670B5A26BF42880043E2A2 /* welcomePage.swift in Sources */,
				BA82DAFD26BE230F00C4049E /* E_commerce_nurseryApp.swift in Sources */,
				BA670B5826BF421F0043E2A2 /* HeaderView.swift in Sources */,
			);
			runOnlyForDeploymentPostprocessing = 0;
		};
/* End PBXSourcesBuildPhase section */

/* Begin XCBuildConfiguration section */
		BA82DB0626BE231300C4049E /* Debug */ = {
			isa = XCBuildConfiguration;
			buildSettings = {
				ALWAYS_SEARCH_USER_PATHS = NO;
				CLANG_ANALYZER_NONNULL = YES;
				CLANG_ANALYZER_NUMBER_OBJECT_CONVERSION = YES_AGGRESSIVE;
				CLANG_CXX_LANGUAGE_STANDARD = "gnu++14";
				CLANG_CXX_LIBRARY = "libc++";
				CLANG_ENABLE_MODULES = YES;
				CLANG_ENABLE_OBJC_ARC = YES;
				CLANG_ENABLE_OBJC_WEAK = YES;
				CLANG_WARN_BLOCK_CAPTURE_AUTORELEASING = YES;
				CLANG_WARN_BOOL_CONVERSION = YES;
				CLANG_WARN_COMMA = YES;
				CLANG_WARN_CONSTANT_CONVERSION = YES;
				CLANG_WARN_DEPRECATED_OBJC_IMPLEMENTATIONS = YES;
				CLANG_WARN_DIRECT_OBJC_ISA_USAGE = YES_ERROR;
				CLANG_WARN_DOCUMENTATION_COMMENTS = YES;
				CLANG_WARN_EMPTY_BODY = YES;
				CLANG_WARN_ENUM_CONVERSION = YES;
				CLANG_WARN_INFINITE_RECURSION = YES;
				CLANG_WARN_INT_CONVERSION = YES;
				CLANG_WARN_NON_LITERAL_NULL_CONVERSION = YES;
				CLANG_WARN_OBJC_IMPLICIT_RETAIN_SELF = YES;
				CLANG_WARN_OBJC_LITERAL_CONVERSION = YES;
				CLANG_WARN_OBJC_ROOT_CLASS = YES_ERROR;
				CLANG_WARN_QUOTED_INCLUDE_IN_FRAMEWORK_HEADER = YES;
				CLANG_WARN_RANGE_LOOP_ANALYSIS = YES;
				CLANG_WARN_STRICT_PROTOTYPES = YES;
				CLANG_WARN_SUSPICIOUS_MOVE = YES;
				CLANG_WARN_UNGUARDED_AVAILABILITY = YES_AGGRESSIVE;
				CLANG_WARN_UNREACHABLE_CODE = YES;
				CLANG_WARN__DUPLICATE_METHOD_MATCH = YES;
				COPY_PHASE_STRIP = NO;
				DEBUG_INFORMATION_FORMAT = dwarf;
				ENABLE_STRICT_OBJC_MSGSEND = YES;
				ENABLE_TESTABILITY = YES;
				GCC_C_LANGUAGE_STANDARD = gnu11;
				GCC_DYNAMIC_NO_PIC = NO;
				GCC_NO_COMMON_BLOCKS = YES;
				GCC_OPTIMIZATION_LEVEL = 0;
				GCC_PREPROCESSOR_DEFINITIONS = (
					"DEBUG=1",
					"$(inherited)",
				);
				GCC_WARN_64_TO_32_BIT_CONVERSION = YES;
				GCC_WARN_ABOUT_RETURN_TYPE = YES_ERROR;
				GCC_WARN_UNDECLARED_SELECTOR = YES;
				GCC_WARN_UNINITIALIZED_AUTOS = YES_AGGRESSIVE;
				GCC_WARN_UNUSED_FUNCTION = YES;
				GCC_WARN_UNUSED_VARIABLE = YES;
				IPHONEOS_DEPLOYMENT_TARGET = 14.5;
				MTL_ENABLE_DEBUG_INFO = INCLUDE_SOURCE;
				MTL_FAST_MATH = YES;
				ONLY_ACTIVE_ARCH = YES;
				SDKROOT = iphoneos;
				SWIFT_ACTIVE_COMPILATION_CONDITIONS = DEBUG;
				SWIFT_OPTIMIZATION_LEVEL = "-Onone";
			};
			name = Debug;
		};
		BA82DB0726BE231300C4049E /* Release */ = {
			isa = XCBuildConfiguration;
			buildSettings = {
				ALWAYS_SEARCH_USER_PATHS = NO;
				CLANG_ANALYZER_NONNULL = YES;
				CLANG_ANALYZER_NUMBER_OBJECT_CONVERSION = YES_AGGRESSIVE;
				CLANG_CXX_LANGUAGE_STANDARD = "gnu++14";
				CLANG_CXX_LIBRARY = "libc++";
				CLANG_ENABLE_MODULES = YES;
				CLANG_ENABLE_OBJC_ARC = YES;
				CLANG_ENABLE_OBJC_WEAK = YES;
				CLANG_WARN_BLOCK_CAPTURE_AUTORELEASING = YES;
				CLANG_WARN_BOOL_CONVERSION = YES;
				CLANG_WARN_COMMA = YES;
				CLANG_WARN_CONSTANT_CONVERSION = YES;
				CLANG_WARN_DEPRECATED_OBJC_IMPLEMENTATIONS = YES;
				CLANG_WARN_DIRECT_OBJC_ISA_USAGE = YES_ERROR;
				CLANG_WARN_DOCUMENTATION_COMMENTS = YES;
				CLANG_WARN_EMPTY_BODY = YES;
				CLANG_WARN_ENUM_CONVERSION = YES;
				CLANG_WARN_INFINITE_RECURSION = YES;
				CLANG_WARN_INT_CONVERSION = YES;
				CLANG_WARN_NON_LITERAL_NULL_CONVERSION = YES;
				CLANG_WARN_OBJC_IMPLICIT_RETAIN_SELF = YES;
				CLANG_WARN_OBJC_LITERAL_CONVERSION = YES;
				CLANG_WARN_OBJC_ROOT_CLASS = YES_ERROR;
				CLANG_WARN_QUOTED_INCLUDE_IN_FRAMEWORK_HEADER = YES;
				CLANG_WARN_RANGE_LOOP_ANALYSIS = YES;
				CLANG_WARN_STRICT_PROTOTYPES = YES;
				CLANG_WARN_SUSPICIOUS_MOVE = YES;
				CLANG_WARN_UNGUARDED_AVAILABILITY = YES_AGGRESSIVE;
				CLANG_WARN_UNREACHABLE_CODE = YES;
				CLANG_WARN__DUPLICATE_METHOD_MATCH = YES;
				COPY_PHASE_STRIP = NO;
				DEBUG_INFORMATION_FORMAT = "dwarf-with-dsym";
				ENABLE_NS_ASSERTIONS = NO;
				ENABLE_STRICT_OBJC_MSGSEND = YES;
				GCC_C_LANGUAGE_STANDARD = gnu11;
				GCC_NO_COMMON_BLOCKS = YES;
				GCC_WARN_64_TO_32_BIT_CONVERSION = YES;
				GCC_WARN_ABOUT_RETURN_TYPE = YES_ERROR;
				GCC_WARN_UNDECLARED_SELECTOR = YES;
				GCC_WARN_UNINITIALIZED_AUTOS = YES_AGGRESSIVE;
				GCC_WARN_UNUSED_FUNCTION = YES;
				GCC_WARN_UNUSED_VARIABLE = YES;
				IPHONEOS_DEPLOYMENT_TARGET = 14.5;
				MTL_ENABLE_DEBUG_INFO = NO;
				MTL_FAST_MATH = YES;
				SDKROOT = iphoneos;
				SWIFT_COMPILATION_MODE = wholemodule;
				SWIFT_OPTIMIZATION_LEVEL = "-O";
				VALIDATE_PRODUCT = YES;
			};
			name = Release;
		};
		BA82DB0926BE231300C4049E /* Debug */ = {
			isa = XCBuildConfiguration;
			baseConfigurationReference = D18B63A5F8362C024124FE24 /* Pods-E-commerce-nursery.debug.xcconfig */;
			buildSettings = {
				ASSETCATALOG_COMPILER_APPICON_NAME = AppIcon;
				ASSETCATALOG_COMPILER_GLOBAL_ACCENT_COLOR_NAME = AccentColor;
				CODE_SIGN_STYLE = Automatic;
				DEVELOPMENT_ASSET_PATHS = "\"E-commerce-nursery/Preview Content\"";
				ENABLE_PREVIEWS = YES;
				INFOPLIST_FILE = "E-commerce-nursery/Info.plist";
				IPHONEOS_DEPLOYMENT_TARGET = 14.0;
				LD_RUNPATH_SEARCH_PATHS = (
					"$(inherited)",
					"@executable_path/Frameworks",
				);
				PRODUCT_BUNDLE_IDENTIFIER = "com.ruchirelukurthy.E-commerce-nursery";
				PRODUCT_NAME = "$(TARGET_NAME)";
				SWIFT_VERSION = 5.0;
				TARGETED_DEVICE_FAMILY = "1,2";
			};
			name = Debug;
		};
		BA82DB0A26BE231300C4049E /* Release */ = {
			isa = XCBuildConfiguration;
			baseConfigurationReference = AF2805F48CF0E242FF86522C /* Pods-E-commerce-nursery.release.xcconfig */;
			buildSettings = {
				ASSETCATALOG_COMPILER_APPICON_NAME = AppIcon;
				ASSETCATALOG_COMPILER_GLOBAL_ACCENT_COLOR_NAME = AccentColor;
				CODE_SIGN_STYLE = Automatic;
				DEVELOPMENT_ASSET_PATHS = "\"E-commerce-nursery/Preview Content\"";
				ENABLE_PREVIEWS = YES;
				INFOPLIST_FILE = "E-commerce-nursery/Info.plist";
				IPHONEOS_DEPLOYMENT_TARGET = 14.0;
				LD_RUNPATH_SEARCH_PATHS = (
					"$(inherited)",
					"@executable_path/Frameworks",
				);
				PRODUCT_BUNDLE_IDENTIFIER = "com.ruchirelukurthy.E-commerce-nursery";
				PRODUCT_NAME = "$(TARGET_NAME)";
				SWIFT_VERSION = 5.0;
				TARGETED_DEVICE_FAMILY = "1,2";
			};
			name = Release;
		};
/* End XCBuildConfiguration section */

/* Begin XCConfigurationList section */
		BA82DAF426BE230F00C4049E /* Build configuration list for PBXProject "E-commerce-nursery" */ = {
			isa = XCConfigurationList;
			buildConfigurations = (
				BA82DB0626BE231300C4049E /* Debug */,
				BA82DB0726BE231300C4049E /* Release */,
			);
			defaultConfigurationIsVisible = 0;
			defaultConfigurationName = Release;
		};
		BA82DB0826BE231300C4049E /* Build configuration list for PBXNativeTarget "E-commerce-nursery" */ = {
			isa = XCConfigurationList;
			buildConfigurations = (
				BA82DB0926BE231300C4049E /* Debug */,
				BA82DB0A26BE231300C4049E /* Release */,
			);
			defaultConfigurationIsVisible = 0;
			defaultConfigurationName = Release;
		};
/* End XCConfigurationList section */
	};
	rootObject = BA82DAF126BE230F00C4049E /* Project object */;
}
